// !$*UTF8*$!
{
	archiveVersion = 1;
	classes = {
	};
	objectVersion = 50;
	objects = {

/* Begin PBXBuildFile section */
		B90A558022A79D4D0099E38D /* AppDelegate.swift in Sources */ = {isa = PBXBuildFile; fileRef = B90A557F22A79D4D0099E38D /* AppDelegate.swift */; };
		B90A558222A79D4D0099E38D /* ViewController.swift in Sources */ = {isa = PBXBuildFile; fileRef = B90A558122A79D4D0099E38D /* ViewController.swift */; };
		B90A558522A79D4D0099E38D /* Main.storyboard in Resources */ = {isa = PBXBuildFile; fileRef = B90A558322A79D4D0099E38D /* Main.storyboard */; };
		B90A558722A79D4F0099E38D /* Assets.xcassets in Resources */ = {isa = PBXBuildFile; fileRef = B90A558622A79D4F0099E38D /* Assets.xcassets */; };
		B90A558A22A79D4F0099E38D /* LaunchScreen.storyboard in Resources */ = {isa = PBXBuildFile; fileRef = B90A558822A79D4F0099E38D /* LaunchScreen.storyboard */; };
		B90A559522A79D4F0099E38D /* WeatherTests.swift in Sources */ = {isa = PBXBuildFile; fileRef = B90A559422A79D4F0099E38D /* WeatherTests.swift */; };
		B90A55A022A79D4F0099E38D /* WeatherUITests.swift in Sources */ = {isa = PBXBuildFile; fileRef = B90A559F22A79D4F0099E38D /* WeatherUITests.swift */; };
/* End PBXBuildFile section */

/* Begin PBXContainerItemProxy section */
		B90A559122A79D4F0099E38D /* PBXContainerItemProxy */ = {
			isa = PBXContainerItemProxy;
			containerPortal = B90A557422A79D4C0099E38D /* Project object */;
			proxyType = 1;
			remoteGlobalIDString = B90A557B22A79D4D0099E38D;
			remoteInfo = Weather;
		};
		B90A559C22A79D4F0099E38D /* PBXContainerItemProxy */ = {
			isa = PBXContainerItemProxy;
			containerPortal = B90A557422A79D4C0099E38D /* Project object */;
			proxyType = 1;
			remoteGlobalIDString = B90A557B22A79D4D0099E38D;
			remoteInfo = Weather;
		};
/* End PBXContainerItemProxy section */

/* Begin PBXFileReference section */
		B90A557C22A79D4D0099E38D /* Weather.app */ = {isa = PBXFileReference; explicitFileType = wrapper.application; includeInIndex = 0; path = Weather.app; sourceTree = BUILT_PRODUCTS_DIR; };
		B90A557F22A79D4D0099E38D /* AppDelegate.swift */ = {isa = PBXFileReference; lastKnownFileType = sourcecode.swift; path = AppDelegate.swift; sourceTree = "<group>"; };
		B90A558122A79D4D0099E38D /* ViewController.swift */ = {isa = PBXFileReference; lastKnownFileType = sourcecode.swift; path = ViewController.swift; sourceTree = "<group>"; };
		B90A558422A79D4D0099E38D /* Base */ = {isa = PBXFileReference; lastKnownFileType = file.storyboard; name = Base; path = Base.lproj/Main.storyboard; sourceTree = "<group>"; };
		B90A558622A79D4F0099E38D /* Assets.xcassets */ = {isa = PBXFileReference; lastKnownFileType = folder.assetcatalog; path = Assets.xcassets; sourceTree = "<group>"; };
		B90A558922A79D4F0099E38D /* Base */ = {isa = PBXFileReference; lastKnownFileType = file.storyboard; name = Base; path = Base.lproj/LaunchScreen.storyboard; sourceTree = "<group>"; };
		B90A558B22A79D4F0099E38D /* Info.plist */ = {isa = PBXFileReference; lastKnownFileType = text.plist.xml; path = Info.plist; sourceTree = "<group>"; };
		B90A559022A79D4F0099E38D /* WeatherTests.xctest */ = {isa = PBXFileReference; explicitFileType = wrapper.cfbundle; includeInIndex = 0; path = WeatherTests.xctest; sourceTree = BUILT_PRODUCTS_DIR; };
		B90A559422A79D4F0099E38D /* WeatherTests.swift */ = {isa = PBXFileReference; lastKnownFileType = sourcecode.swift; path = WeatherTests.swift; sourceTree = "<group>"; };
		B90A559622A79D4F0099E38D /* Info.plist */ = {isa = PBXFileReference; lastKnownFileType = text.plist.xml; path = Info.plist; sourceTree = "<group>"; };
		B90A559B22A79D4F0099E38D /* WeatherUITests.xctest */ = {isa = PBXFileReference; explicitFileType = wrapper.cfbundle; includeInIndex = 0; path = WeatherUITests.xctest; sourceTree = BUILT_PRODUCTS_DIR; };
		B90A559F22A79D4F0099E38D /* WeatherUITests.swift */ = {isa = PBXFileReference; lastKnownFileType = sourcecode.swift; path = WeatherUITests.swift; sourceTree = "<group>"; };
		B90A55A122A79D4F0099E38D /* Info.plist */ = {isa = PBXFileReference; lastKnownFileType = text.plist.xml; path = Info.plist; sourceTree = "<group>"; };
/* End PBXFileReference section */

/* Begin PBXFrameworksBuildPhase section */
		B90A557922A79D4D0099E38D /* Frameworks */ = {
			isa = PBXFrameworksBuildPhase;
			buildActionMask = 2147483647;
			files = (
			);
			runOnlyForDeploymentPostprocessing = 0;
		};
		B90A558D22A79D4F0099E38D /* Frameworks */ = {
			isa = PBXFrameworksBuildPhase;
			buildActionMask = 2147483647;
			files = (
			);
			runOnlyForDeploymentPostprocessing = 0;
		};
		B90A559822A79D4F0099E38D /* Frameworks */ = {
			isa = PBXFrameworksBuildPhase;
			buildActionMask = 2147483647;
			files = (
			);
			runOnlyForDeploymentPostprocessing = 0;
		};
/* End PBXFrameworksBuildPhase section */

/* Begin PBXGroup section */
		B90A557322A79D4C0099E38D = {
			isa = PBXGroup;
			children = (
				B90A557E22A79D4D0099E38D /* Weather */,
				B90A559322A79D4F0099E38D /* WeatherTests */,
				B90A559E22A79D4F0099E38D /* WeatherUITests */,
				B90A557D22A79D4D0099E38D /* Products */,
			);
			sourceTree = "<group>";
		};
		B90A557D22A79D4D0099E38D /* Products */ = {
			isa = PBXGroup;
			children = (
				B90A557C22A79D4D0099E38D /* Weather.app */,
				B90A559022A79D4F0099E38D /* WeatherTests.xctest */,
				B90A559B22A79D4F0099E38D /* WeatherUITests.xctest */,
			);
			name = Products;
			sourceTree = "<group>";
		};
		B90A557E22A79D4D0099E38D /* Weather */ = {
			isa = PBXGroup;
			children = (
				B90A557F22A79D4D0099E38D /* AppDelegate.swift */,
				B90A558122A79D4D0099E38D /* ViewController.swift */,
				B90A558322A79D4D0099E38D /* Main.storyboard */,
				B90A558622A79D4F0099E38D /* Assets.xcassets */,
				B90A558822A79D4F0099E38D /* LaunchScreen.storyboard */,
				B90A558B22A79D4F0099E38D /* Info.plist */,
			);
			path = Weather;
			sourceTree = "<group>";
		};
		B90A559322A79D4F0099E38D /* WeatherTests */ = {
			isa = PBXGroup;
			children = (
				B90A559422A79D4F0099E38D /* WeatherTests.swift */,
				B90A559622A79D4F0099E38D /* Info.plist */,
			);
			path = WeatherTests;
			sourceTree = "<group>";
		};
		B90A559E22A79D4F0099E38D /* WeatherUITests */ = {
			isa = PBXGroup;
			children = (
				B90A559F22A79D4F0099E38D /* WeatherUITests.swift */,
				B90A55A122A79D4F0099E38D /* Info.plist */,
			);
			path = WeatherUITests;
			sourceTree = "<group>";
		};
/* End PBXGroup section */

/* Begin PBXNativeTarget section */
		B90A557B22A79D4D0099E38D /* Weather */ = {
			isa = PBXNativeTarget;
			buildConfigurationList = B90A55A422A79D4F0099E38D /* Build configuration list for PBXNativeTarget "Weather" */;
			buildPhases = (
				B90A557822A79D4D0099E38D /* Sources */,
				B90A557922A79D4D0099E38D /* Frameworks */,
				B90A557A22A79D4D0099E38D /* Resources */,
			);
			buildRules = (
			);
			dependencies = (
			);
			name = Weather;
			productName = Weather;
			productReference = B90A557C22A79D4D0099E38D /* Weather.app */;
			productType = "com.apple.product-type.application";
		};
		B90A558F22A79D4F0099E38D /* WeatherTests */ = {
			isa = PBXNativeTarget;
			buildConfigurationList = B90A55A722A79D4F0099E38D /* Build configuration list for PBXNativeTarget "WeatherTests" */;
			buildPhases = (
				B90A558C22A79D4F0099E38D /* Sources */,
				B90A558D22A79D4F0099E38D /* Frameworks */,
				B90A558E22A79D4F0099E38D /* Resources */,
			);
			buildRules = (
			);
			dependencies = (
				B90A559222A79D4F0099E38D /* PBXTargetDependency */,
			);
			name = WeatherTests;
			productName = WeatherTests;
			productReference = B90A559022A79D4F0099E38D /* WeatherTests.xctest */;
			productType = "com.apple.product-type.bundle.unit-test";
		};
		B90A559A22A79D4F0099E38D /* WeatherUITests */ = {
			isa = PBXNativeTarget;
			buildConfigurationList = B90A55AA22A79D4F0099E38D /* Build configuration list for PBXNativeTarget "WeatherUITests" */;
			buildPhases = (
				B90A559722A79D4F0099E38D /* Sources */,
				B90A559822A79D4F0099E38D /* Frameworks */,
				B90A559922A79D4F0099E38D /* Resources */,
			);
			buildRules = (
			);
			dependencies = (
				B90A559D22A79D4F0099E38D /* PBXTargetDependency */,
			);
			name = WeatherUITests;
			productName = WeatherUITests;
			productReference = B90A559B22A79D4F0099E38D /* WeatherUITests.xctest */;
			productType = "com.apple.product-type.bundle.ui-testing";
		};
/* End PBXNativeTarget section */

/* Begin PBXProject section */
		B90A557422A79D4C0099E38D /* Project object */ = {
			isa = PBXProject;
			attributes = {
				LastSwiftUpdateCheck = 1020;
				LastUpgradeCheck = 1020;
				ORGANIZATIONNAME = "Avinash  Tag";
				TargetAttributes = {
					B90A557B22A79D4D0099E38D = {
						CreatedOnToolsVersion = 10.2.1;
					};
					B90A558F22A79D4F0099E38D = {
						CreatedOnToolsVersion = 10.2.1;
						TestTargetID = B90A557B22A79D4D0099E38D;
					};
					B90A559A22A79D4F0099E38D = {
						CreatedOnToolsVersion = 10.2.1;
						TestTargetID = B90A557B22A79D4D0099E38D;
					};
				};
			};
			buildConfigurationList = B90A557722A79D4C0099E38D /* Build configuration list for PBXProject "Weather" */;
			compatibilityVersion = "Xcode 9.3";
			developmentRegion = en;
			hasScannedForEncodings = 0;
			knownRegions = (
				en,
				Base,
			);
			mainGroup = B90A557322A79D4C0099E38D;
			productRefGroup = B90A557D22A79D4D0099E38D /* Products */;
			projectDirPath = "";
			projectRoot = "";
			targets = (
				B90A557B22A79D4D0099E38D /* Weather */,
				B90A558F22A79D4F0099E38D /* WeatherTests */,
				B90A559A22A79D4F0099E38D /* WeatherUITests */,
			);
		};
/* End PBXProject section */

/* Begin PBXResourcesBuildPhase section */
		B90A557A22A79D4D0099E38D /* Resources */ = {
			isa = PBXResourcesBuildPhase;
			buildActionMask = 2147483647;
			files = (
				B90A558A22A79D4F0099E38D /* LaunchScreen.storyboard in Resources */,
				B90A558722A79D4F0099E38D /* Assets.xcassets in Resources */,
				B90A558522A79D4D0099E38D /* Main.storyboard in Resources */,
			);
			runOnlyForDeploymentPostprocessing = 0;
		};
		B90A558E22A79D4F0099E38D /* Resources */ = {
			isa = PBXResourcesBuildPhase;
			buildActionMask = 2147483647;
			files = (
			);
			runOnlyForDeploymentPostprocessing = 0;
		};
		B90A559922A79D4F0099E38D /* Resources */ = {
			isa = PBXResourcesBuildPhase;
			buildActionMask = 2147483647;
			files = (
			);
			runOnlyForDeploymentPostprocessing = 0;
		};
/* End PBXResourcesBuildPhase section */

/* Begin PBXSourcesBuildPhase section */
		B90A557822A79D4D0099E38D /* Sources */ = {
			isa = PBXSourcesBuildPhase;
			buildActionMask = 2147483647;
			files = (
				B90A558222A79D4D0099E38D /* ViewController.swift in Sources */,
				B90A558022A79D4D0099E38D /* AppDelegate.swift in Sources */,
			);
			runOnlyForDeploymentPostprocessing = 0;
		};
		B90A558C22A79D4F0099E38D /* Sources */ = {
			isa = PBXSourcesBuildPhase;
			buildActionMask = 2147483647;
			files = (
				B90A559522A79D4F0099E38D /* WeatherTests.swift in Sources */,
			);
			runOnlyForDeploymentPostprocessing = 0;
		};
		B90A559722A79D4F0099E38D /* Sources */ = {
			isa = PBXSourcesBuildPhase;
			buildActionMask = 2147483647;
			files = (
				B90A55A022A79D4F0099E38D /* WeatherUITests.swift in Sources */,
			);
			runOnlyForDeploymentPostprocessing = 0;
		};
/* End PBXSourcesBuildPhase section */

/* Begin PBXTargetDependency section */
		B90A559222A79D4F0099E38D /* PBXTargetDependency */ = {
			isa = PBXTargetDependency;
			target = B90A557B22A79D4D0099E38D /* Weather */;
			targetProxy = B90A559122A79D4F0099E38D /* PBXContainerItemProxy */;
		};
		B90A559D22A79D4F0099E38D /* PBXTargetDependency */ = {
			isa = PBXTargetDependency;
			target = B90A557B22A79D4D0099E38D /* Weather */;
			targetProxy = B90A559C22A79D4F0099E38D /* PBXContainerItemProxy */;
		};
/* End PBXTargetDependency section */

/* Begin PBXVariantGroup section */
		B90A558322A79D4D0099E38D /* Main.storyboard */ = {
			isa = PBXVariantGroup;
			children = (
				B90A558422A79D4D0099E38D /* Base */,
			);
			name = Main.storyboard;
			sourceTree = "<group>";
		};
		B90A558822A79D4F0099E38D /* LaunchScreen.storyboard */ = {
			isa = PBXVariantGroup;
			children = (
				B90A558922A79D4F0099E38D /* Base */,
			);
			name = LaunchScreen.storyboard;
			sourceTree = "<group>";
		};
/* End PBXVariantGroup section */

/* Begin XCBuildConfiguration section */
		B90A55A222A79D4F0099E38D /* Debug */ = {
			isa = XCBuildConfiguration;
			buildSettings = {
				ALWAYS_SEARCH_USER_PATHS = NO;
				CLANG_ANALYZER_NONNULL = YES;
				CLANG_ANALYZER_NUMBER_OBJECT_CONVERSION = YES_AGGRESSIVE;
				CLANG_CXX_LANGUAGE_STANDARD = "gnu++14";
				CLANG_CXX_LIBRARY = "libc++";
				CLANG_ENABLE_MODULES = YES;
				CLANG_ENABLE_OBJC_ARC = YES;
				CLANG_ENABLE_OBJC_WEAK = YES;
				CLANG_WARN_BLOCK_CAPTURE_AUTORELEASING = YES;
				CLANG_WARN_BOOL_CONVERSION = YES;
				CLANG_WARN_COMMA = YES;
				CLANG_WARN_CONSTANT_CONVERSION = YES;
				CLANG_WARN_DEPRECATED_OBJC_IMPLEMENTATIONS = YES;
				CLANG_WARN_DIRECT_OBJC_ISA_USAGE = YES_ERROR;
				CLANG_WARN_DOCUMENTATION_COMMENTS = YES;
				CLANG_WARN_EMPTY_BODY = YES;
				CLANG_WARN_ENUM_CONVERSION = YES;
				CLANG_WARN_INFINITE_RECURSION = YES;
				CLANG_WARN_INT_CONVERSION = YES;
				CLANG_WARN_NON_LITERAL_NULL_CONVERSION = YES;
				CLANG_WARN_OBJC_IMPLICIT_RETAIN_SELF = YES;
				CLANG_WARN_OBJC_LITERAL_CONVERSION = YES;
				CLANG_WARN_OBJC_ROOT_CLASS = YES_ERROR;
				CLANG_WARN_RANGE_LOOP_ANALYSIS = YES;
				CLANG_WARN_STRICT_PROTOTYPES = YES;
				CLANG_WARN_SUSPICIOUS_MOVE = YES;
				CLANG_WARN_UNGUARDED_AVAILABILITY = YES_AGGRESSIVE;
				CLANG_WARN_UNREACHABLE_CODE = YES;
				CLANG_WARN__DUPLICATE_METHOD_MATCH = YES;
				CODE_SIGN_IDENTITY = "iPhone Developer";
				COPY_PHASE_STRIP = NO;
				DEBUG_INFORMATION_FORMAT = dwarf;
				ENABLE_STRICT_OBJC_MSGSEND = YES;
				ENABLE_TESTABILITY = YES;
				GCC_C_LANGUAGE_STANDARD = gnu11;
				GCC_DYNAMIC_NO_PIC = NO;
				GCC_NO_COMMON_BLOCKS = YES;
				GCC_OPTIMIZATION_LEVEL = 0;
				GCC_PREPROCESSOR_DEFINITIONS = (
					"DEBUG=1",
					"$(inherited)",
				);
				GCC_WARN_64_TO_32_BIT_CONVERSION = YES;
				GCC_WARN_ABOUT_RETURN_TYPE = YES_ERROR;
				GCC_WARN_UNDECLARED_SELECTOR = YES;
				GCC_WARN_UNINITIALIZED_AUTOS = YES_AGGRESSIVE;
				GCC_WARN_UNUSED_FUNCTION = YES;
				GCC_WARN_UNUSED_VARIABLE = YES;
				IPHONEOS_DEPLOYMENT_TARGET = 12.2;
				MTL_ENABLE_DEBUG_INFO = INCLUDE_SOURCE;
				MTL_FAST_MATH = YES;
				ONLY_ACTIVE_ARCH = YES;
				SDKROOT = iphoneos;
				SWIFT_ACTIVE_COMPILATION_CONDITIONS = DEBUG;
				SWIFT_OPTIMIZATION_LEVEL = "-Onone";
			};
			name = Debug;
		};
		B90A55A322A79D4F0099E38D /* Release */ = {
			isa = XCBuildConfiguration;
			buildSettings = {
				ALWAYS_SEARCH_USER_PATHS = NO;
				CLANG_ANALYZER_NONNULL = YES;
				CLANG_ANALYZER_NUMBER_OBJECT_CONVERSION = YES_AGGRESSIVE;
				CLANG_CXX_LANGUAGE_STANDARD = "gnu++14";
				CLANG_CXX_LIBRARY = "libc++";
				CLANG_ENABLE_MODULES = YES;
				CLANG_ENABLE_OBJC_ARC = YES;
				CLANG_ENABLE_OBJC_WEAK = YES;
				CLANG_WARN_BLOCK_CAPTURE_AUTORELEASING = YES;
				CLANG_WARN_BOOL_CONVERSION = YES;
				CLANG_WARN_COMMA = YES;
				CLANG_WARN_CONSTANT_CONVERSION = YES;
				CLANG_WARN_DEPRECATED_OBJC_IMPLEMENTATIONS = YES;
				CLANG_WARN_DIRECT_OBJC_ISA_USAGE = YES_ERROR;
				CLANG_WARN_DOCUMENTATION_COMMENTS = YES;
				CLANG_WARN_EMPTY_BODY = YES;
				CLANG_WARN_ENUM_CONVERSION = YES;
				CLANG_WARN_INFINITE_RECURSION = YES;
				CLANG_WARN_INT_CONVERSION = YES;
				CLANG_WARN_NON_LITERAL_NULL_CONVERSION = YES;
				CLANG_WARN_OBJC_IMPLICIT_RETAIN_SELF = YES;
				CLANG_WARN_OBJC_LITERAL_CONVERSION = YES;
				CLANG_WARN_OBJC_ROOT_CLASS = YES_ERROR;
				CLANG_WARN_RANGE_LOOP_ANALYSIS = YES;
				CLANG_WARN_STRICT_PROTOTYPES = YES;
				CLANG_WARN_SUSPICIOUS_MOVE = YES;
				CLANG_WARN_UNGUARDED_AVAILABILITY = YES_AGGRESSIVE;
				CLANG_WARN_UNREACHABLE_CODE = YES;
				CLANG_WARN__DUPLICATE_METHOD_MATCH = YES;
				CODE_SIGN_IDENTITY = "iPhone Developer";
				COPY_PHASE_STRIP = NO;
				DEBUG_INFORMATION_FORMAT = "dwarf-with-dsym";
				ENABLE_NS_ASSERTIONS = NO;
				ENABLE_STRICT_OBJC_MSGSEND = YES;
				GCC_C_LANGUAGE_STANDARD = gnu11;
				GCC_NO_COMMON_BLOCKS = YES;
				GCC_WARN_64_TO_32_BIT_CONVERSION = YES;
				GCC_WARN_ABOUT_RETURN_TYPE = YES_ERROR;
				GCC_WARN_UNDECLARED_SELECTOR = YES;
				GCC_WARN_UNINITIALIZED_AUTOS = YES_AGGRESSIVE;
				GCC_WARN_UNUSED_FUNCTION = YES;
				GCC_WARN_UNUSED_VARIABLE = YES;
				IPHONEOS_DEPLOYMENT_TARGET = 12.2;
				MTL_ENABLE_DEBUG_INFO = NO;
				MTL_FAST_MATH = YES;
				SDKROOT = iphoneos;
				SWIFT_COMPILATION_MODE = wholemodule;
				SWIFT_OPTIMIZATION_LEVEL = "-O";
				VALIDATE_PRODUCT = YES;
			};
			name = Release;
		};
		B90A55A522A79D4F0099E38D /* Debug */ = {
			isa = XCBuildConfiguration;
			buildSettings = {
				ASSETCATALOG_COMPILER_APPICON_NAME = AppIcon;
				CODE_SIGN_STYLE = Automatic;
				DEVELOPMENT_TEAM = 8J964484TN;
				INFOPLIST_FILE = Weather/Info.plist;
				LD_RUNPATH_SEARCH_PATHS = (
					"$(inherited)",
					"@executable_path/Frameworks",
				);
				PRODUCT_BUNDLE_IDENTIFIER = com.assignment.Weather;
				PRODUCT_NAME = "$(TARGET_NAME)";
				SWIFT_VERSION = 5.0;
				TARGETED_DEVICE_FAMILY = "1,2";
			};
			name = Debug;
		};
		B90A55A622A79D4F0099E38D /* Release */ = {
			isa = XCBuildConfiguration;
			buildSettings = {
				ASSETCATALOG_COMPILER_APPICON_NAME = AppIcon;
				CODE_SIGN_STYLE = Automatic;
				DEVELOPMENT_TEAM = 8J964484TN;
				INFOPLIST_FILE = Weather/Info.plist;
				LD_RUNPATH_SEARCH_PATHS = (
					"$(inherited)",
					"@executable_path/Frameworks",
				);
				PRODUCT_BUNDLE_IDENTIFIER = com.assignment.Weather;
				PRODUCT_NAME = "$(TARGET_NAME)";
				SWIFT_VERSION = 5.0;
				TARGETED_DEVICE_FAMILY = "1,2";
			};
			name = Release;
		};
		B90A55A822A79D4F0099E38D /* Debug */ = {
			isa = XCBuildConfiguration;
			buildSettings = {
				ALWAYS_EMBED_SWIFT_STANDARD_LIBRARIES = YES;
				BUNDLE_LOADER = "$(TEST_HOST)";
				CODE_SIGN_STYLE = Automatic;
				DEVELOPMENT_TEAM = 8J964484TN;
				INFOPLIST_FILE = WeatherTests/Info.plist;
				LD_RUNPATH_SEARCH_PATHS = (
					"$(inherited)",
					"@executable_path/Frameworks",
					"@loader_path/Frameworks",
				);
				PRODUCT_BUNDLE_IDENTIFIER = com.assignment.WeatherTests;
				PRODUCT_NAME = "$(TARGET_NAME)";
				SWIFT_VERSION = 5.0;
				TARGETED_DEVICE_FAMILY = "1,2";
				TEST_HOST = "$(BUILT_PRODUCTS_DIR)/Weather.app/Weather";
			};
			name = Debug;
		};
		B90A55A922A79D4F0099E38D /* Release */ = {
			isa = XCBuildConfiguration;
			buildSettings = {
				ALWAYS_EMBED_SWIFT_STANDARD_LIBRARIES = YES;
				BUNDLE_LOADER = "$(TEST_HOST)";
				CODE_SIGN_STYLE = Automatic;
				DEVELOPMENT_TEAM = 8J964484TN;
				INFOPLIST_FILE = WeatherTests/Info.plist;
				LD_RUNPATH_SEARCH_PATHS = (
					"$(inherited)",
					"@executable_path/Frameworks",
					"@loader_path/Frameworks",
				);
				PRODUCT_BUNDLE_IDENTIFIER = com.assignment.WeatherTests;
				PRODUCT_NAME = "$(TARGET_NAME)";
				SWIFT_VERSION = 5.0;
				TARGETED_DEVICE_FAMILY = "1,2";
				TEST_HOST = "$(BUILT_PRODUCTS_DIR)/Weather.app/Weather";
			};
			name = Release;
		};
		B90A55AB22A79D4F0099E38D /* Debug */ = {
			isa = XCBuildConfiguration;
			buildSettings = {
				ALWAYS_EMBED_SWIFT_STANDARD_LIBRARIES = YES;
				CODE_SIGN_STYLE = Automatic;
				DEVELOPMENT_TEAM = 8J964484TN;
				INFOPLIST_FILE = WeatherUITests/Info.plist;
				LD_RUNPATH_SEARCH_PATHS = (
					"$(inherited)",
					"@executable_path/Frameworks",
					"@loader_path/Frameworks",
				);
				PRODUCT_BUNDLE_IDENTIFIER = com.assignment.WeatherUITests;
				PRODUCT_NAME = "$(TARGET_NAME)";
				SWIFT_VERSION = 5.0;
				TARGETED_DEVICE_FAMILY = "1,2";
				TEST_TARGET_NAME = Weather;
			};
			name = Debug;
		};
		B90A55AC22A79D4F0099E38D /* Release */ = {
			isa = XCBuildConfiguration;
			buildSettings = {
				ALWAYS_EMBED_SWIFT_STANDARD_LIBRARIES = YES;
				CODE_SIGN_STYLE = Automatic;
				DEVELOPMENT_TEAM = 8J964484TN;
				INFOPLIST_FILE = WeatherUITests/Info.plist;
				LD_RUNPATH_SEARCH_PATHS = (
					"$(inherited)",
					"@executable_path/Frameworks",
					"@loader_path/Frameworks",
				);
				PRODUCT_BUNDLE_IDENTIFIER = com.assignment.WeatherUITests;
				PRODUCT_NAME = "$(TARGET_NAME)";
				SWIFT_VERSION = 5.0;
				TARGETED_DEVICE_FAMILY = "1,2";
				TEST_TARGET_NAME = Weather;
			};
			name = Release;
		};
/* End XCBuildConfiguration section */

/* Begin XCConfigurationList section */
		B90A557722A79D4C0099E38D /* Build configuration list for PBXProject "Weather" */ = {
			isa = XCConfigurationList;
			buildConfigurations = (
				B90A55A222A79D4F0099E38D /* Debug */,
				B90A55A322A79D4F0099E38D /* Release */,
			);
			defaultConfigurationIsVisible = 0;
			defaultConfigurationName = Release;
		};
		B90A55A422A79D4F0099E38D /* Build configuration list for PBXNativeTarget "Weather" */ = {
			isa = XCConfigurationList;
			buildConfigurations = (
				B90A55A522A79D4F0099E38D /* Debug */,
				B90A55A622A79D4F0099E38D /* Release */,
			);
			defaultConfigurationIsVisible = 0;
			defaultConfigurationName = Release;
		};
		B90A55A722A79D4F0099E38D /* Build configuration list for PBXNativeTarget "WeatherTests" */ = {
			isa = XCConfigurationList;
			buildConfigurations = (
				B90A55A822A79D4F0099E38D /* Debug */,
				B90A55A922A79D4F0099E38D /* Release */,
			);
			defaultConfigurationIsVisible = 0;
			defaultConfigurationName = Release;
		};
		B90A55AA22A79D4F0099E38D /* Build configuration list for PBXNativeTarget "WeatherUITests" */ = {
			isa = XCConfigurationList;
			buildConfigurations = (
				B90A55AB22A79D4F0099E38D /* Debug */,
				B90A55AC22A79D4F0099E38D /* Release */,
			);
			defaultConfigurationIsVisible = 0;
			defaultConfigurationName = Release;
		};
/* End XCConfigurationList section */
	};
	rootObject = B90A557422A79D4C0099E38D /* Project object */;
}
